
Microsoft Visual Studio Solution File, Format Version 12.00
# Visual Studio 15
VisualStudioVersion = 15.0.28307.271
MinimumVisualStudioVersion = 10.0.40219.1
Project("{8BC9CEB8-8B4A-11D0-8D11-00A0C91BC942}") = "Vulcan", "Vulcan\Vulcan.vcxproj", "{0B026B1B-73DE-42C2-B352-79794D29AC0B}"
EndProject
Project("{8BC9CEB8-8B4A-11D0-8D11-00A0C91BC942}") = "RichIO", "RichIO\RichIO.vcxproj", "{4584005B-4D76-4213-B278-0F35A11F0E73}"
EndProject
Global
	GlobalSection(SolutionConfigurationPlatforms) = preSolution
		Debug|x64 = Debug|x64
		Debug|x86 = Debug|x86
		Release|x64 = Release|x64
		Release|x86 = Release|x86
	EndGlobalSection
	GlobalSection(ProjectConfigurationPlatforms) = postSolution
		{0B026B1B-73DE-42C2-B352-79794D29AC0B}.Debug|x64.ActiveCfg = Debug|x64
		{0B026B1B-73DE-42C2-B352-79794D29AC0B}.Debug|x64.Build.0 = Debug|x64
		{0B026B1B-73DE-42C2-B352-79794D29AC0B}.Debug|x86.ActiveCfg = Debug|Win32
		{0B026B1B-73DE-42C2-B352-79794D29AC0B}.Debug|x86.Build.0 = Debug|Win32
		{0B026B1B-73DE-42C2-B352-79794D29AC0B}.Release|x64.ActiveCfg = Release|x64
		{0B026B1B-73DE-42C2-B352-79794D29AC0B}.Release|x64.Build.0 = Release|x64
		{0B026B1B-73DE-42C2-B352-79794D29AC0B}.Release|x86.ActiveCfg = Release|Win32
		{0B026B1B-73DE-42C2-B352-79794D29AC0B}.Release|x86.Build.0 = Release|Win32
		{4584005B-4D76-4213-B278-0F35A11F0E73}.Debug|x64.ActiveCfg = Debug|x64
		{4584005B-4D76-4213-B278-0F35A11F0E73}.Debug|x64.Build.0 = Debug|x64
		{4584005B-4D76-4213-B278-0F35A11F0E73}.Debug|x86.ActiveCfg = Debug|Win32
		{4584005B-4D76-4213-B278-0F35A11F0E73}.Debug|x86.Build.0 = Debug|Win32
		{4584005B-4D76-4213-B278-0F35A11F0E73}.Release|x64.ActiveCfg = Release|x64
		{4584005B-4D76-4213-B278-0F35A11F0E73}.Release|x64.Build.0 = Release|x64
		{4584005B-4D76-4213-B278-0F35A11F0E73}.Release|x86.ActiveCfg = Release|Win32
		{4584005B-4D76-4213-B278-0F35A11F0E73}.Release|x86.Build.0 = Release|Win32
	EndGlobalSection
	GlobalSection(SolutionProperties) = preSolution
		HideSolutionNode = FALSE
	EndGlobalSection
	GlobalSection(ExtensibilityGlobals) = postSolution
		SolutionGuid = {80497844-3428-42F2-8B25-8793A8BBA245}
	EndGlobalSection
EndGlobal
